{
  "nodes": {
    "aagl": {
      "inputs": {
        "flake-compat": "flake-compat",
        "nixpkgs": [
          "nixpkgs"
        ],
        "rust-overlay": "rust-overlay"
      },
      "locked": {
        "lastModified": 1767520119,
        "narHash": "sha256-+OmNQLA9Fv5WBaxYHlPghS9XmnYWDaLt+AatCGhG+hc=",
        "owner": "ezKEa",
        "repo": "aagl-gtk-on-nix",
        "rev": "5720d3282844b6b23b26dfac075a5f1f58ea8844",
        "type": "github"
      },
      "original": {
        "owner": "ezKEa",
        "repo": "aagl-gtk-on-nix",
        "type": "github"
      }
    },
    "crane": {
      "locked": {
        "lastModified": 1769287525,
        "narHash": "sha256-gABuYA6BzoRMLuPaeO5p7SLrpd4qExgkwEmYaYQY4bM=",
        "owner": "ipetkov",
        "repo": "crane",
        "rev": "0314e365877a85c9e5758f9ea77a9972afbb4c21",
        "type": "github"
      },
      "original": {
        "owner": "ipetkov",
        "repo": "crane",
        "type": "github"
      }
    },
    "dms": {
      "inputs": {
        "nixpkgs": [
          "nixpkgs"
        ],
        "quickshell": "quickshell"
      },
      "locked": {
        "lastModified": 1769493135,
        "narHash": "sha256-9h3lV7MpAHvugCCUyOEmwThpJp7aSA4qE9UTQR/8KOc=",
        "owner": "AvengeMedia",
        "repo": "DankMaterialShell",
        "rev": "9553cb06d34a255486733e17c11f6874dd9d99a3",
        "type": "github"
      },
      "original": {
        "owner": "AvengeMedia",
        "repo": "DankMaterialShell",
        "type": "github"
      }
    },
    "flake-compat": {
      "flake": false,
      "locked": {
        "lastModified": 1761588595,
        "narHash": "sha256-XKUZz9zewJNUj46b4AJdiRZJAvSZ0Dqj2BNfXvFlJC4=",
        "owner": "edolstra",
        "repo": "flake-compat",
        "rev": "f387cd2afec9419c8ee37694406ca490c3f34ee5",
        "type": "github"
      },
      "original": {
        "owner": "edolstra",
        "repo": "flake-compat",
        "type": "github"
      }
    },
    "flake-compat_2": {
      "flake": false,
      "locked": {
        "lastModified": 1767039857,
        "narHash": "sha256-vNpUSpF5Nuw8xvDLj2KCwwksIbjua2LZCqhV1LNRDns=",
        "owner": "NixOS",
        "repo": "flake-compat",
        "rev": "5edf11c44bc78a0d334f6334cdaf7d60d732daab",
        "type": "github"
      },
      "original": {
        "owner": "NixOS",
        "repo": "flake-compat",
        "type": "github"
      }
    },
    "flake-utils": {
      "inputs": {
        "systems": "systems"
      },
      "locked": {
        "lastModified": 1731533236,
        "narHash": "sha256-l0KFg5HjrsfsO/JpG+r7fRrqm12kzFHyUHqHCVpMMbI=",
        "owner": "numtide",
        "repo": "flake-utils",
        "rev": "11707dc2f618dd54ca8739b309ec4fc024de578b",
        "type": "github"
      },
      "original": {
        "owner": "numtide",
        "repo": "flake-utils",
        "type": "github"
      }
    },
    "gitignore": {
      "inputs": {
        "nixpkgs": [
          "lanzaboote",
          "pre-commit",
          "nixpkgs"
        ]
      },
      "locked": {
        "lastModified": 1709087332,
        "narHash": "sha256-HG2cCnktfHsKV0s4XW83gU3F57gaTljL9KNSuG6bnQs=",
        "owner": "hercules-ci",
        "repo": "gitignore.nix",
        "rev": "637db329424fd7e46cf4185293b9cc8c88c95394",
        "type": "github"
      },
      "original": {
        "owner": "hercules-ci",
        "repo": "gitignore.nix",
        "type": "github"
      }
    },
    "home-manager": {
      "inputs": {
        "nixpkgs": [
          "nixpkgs"
        ]
      },
      "locked": {
        "lastModified": 1769450270,
        "narHash": "sha256-pdVm/zJazDUAasTyHFX/Pbrlk9Upjxi0yzgn7GjGe4g=",
        "owner": "nix-community",
        "repo": "home-manager",
        "rev": "a10c1e8f5ad2589414407f4851c221cb66270257",
        "type": "github"
      },
      "original": {
        "owner": "nix-community",
        "repo": "home-manager",
        "type": "github"
      }
    },
    "lanzaboote": {
      "inputs": {
        "crane": "crane",
        "nixpkgs": [
          "nixpkgs"
        ],
        "pre-commit": "pre-commit",
        "rust-overlay": "rust-overlay_2"
      },
      "locked": {
        "lastModified": 1769417433,
        "narHash": "sha256-0WZ7I/N9InaBHL96/qdiJxg8mqFW3vRla8Z062JmQFE=",
        "owner": "nix-community",
        "repo": "lanzaboote",
        "rev": "1902463415745b992dbaf301b2a35a1277be1584",
        "type": "github"
      },
      "original": {
        "owner": "nix-community",
        "repo": "lanzaboote",
        "type": "github"
      }
    },
    "natfrp": {
      "inputs": {
        "nixpkgs": [
          "nixpkgs"
        ]
      },
      "locked": {
        "lastModified": 1769514220,
        "narHash": "sha256-Yu4zZzj4celbuvSCepf4SzDwicbgda0QimgQanAUSjg=",
        "owner": "mx6436",
        "repo": "natfrp-flake",
        "rev": "50d26f41254b9d73eddfbbf6002958714bd4d807",
        "type": "github"
      },
      "original": {
        "owner": "mx6436",
        "repo": "natfrp-flake",
        "type": "github"
      }
    },
    "niri": {
      "inputs": {
        "niri-stable": "niri-stable",
        "niri-unstable": "niri-unstable",
        "nixpkgs": [
          "nixpkgs"
        ],
        "nixpkgs-stable": [
          "nixpkgs-stable"
        ],
        "xwayland-satellite-stable": "xwayland-satellite-stable",
        "xwayland-satellite-unstable": "xwayland-satellite-unstable"
      },
      "locked": {
        "lastModified": 1769500166,
        "narHash": "sha256-ycYlPMg7WIWAh+Ni9+g4ZGdWGIFmBjCz+hFUVQMmBS8=",
        "owner": "sodiboo",
        "repo": "niri-flake",
        "rev": "f23ab93b35dbc90e666327310767edeed622e431",
        "type": "github"
      },
      "original": {
        "owner": "sodiboo",
        "repo": "niri-flake",
        "type": "github"
      }
    },
    "niri-stable": {
      "flake": false,
      "locked": {
        "lastModified": 1756556321,
        "narHash": "sha256-RLD89dfjN0RVO86C/Mot0T7aduCygPGaYbog566F0Qo=",
        "owner": "YaLTeR",
        "repo": "niri",
        "rev": "01be0e65f4eb91a9cd624ac0b76aaeab765c7294",
        "type": "github"
      },
      "original": {
        "owner": "YaLTeR",
        "ref": "v25.08",
        "repo": "niri",
        "type": "github"
      }
    },
    "niri-unstable": {
      "flake": false,
      "locked": {
        "lastModified": 1769494881,
        "narHash": "sha256-tWgA1QwSbabVaBAT7eU6qmiYH19jIn5D9pQb/uUFs0c=",
        "owner": "YaLTeR",
        "repo": "niri",
        "rev": "e1015ac92f07dba4d030358642d1920a324a8629",
        "type": "github"
      },
      "original": {
        "owner": "YaLTeR",
        "repo": "niri",
        "type": "github"
      }
    },
    "nixpkgs": {
      "locked": {
        "lastModified": 1744536153,
        "narHash": "sha256-awS2zRgF4uTwrOKwwiJcByDzDOdo3Q1rPZbiHQg/N38=",
        "owner": "NixOS",
        "repo": "nixpkgs",
        "rev": "18dd725c29603f582cf1900e0d25f9f1063dbf11",
        "type": "github"
      },
      "original": {
        "owner": "NixOS",
        "ref": "nixpkgs-unstable",
        "repo": "nixpkgs",
        "type": "github"
      }
    },
    "nixpkgs-stable": {
      "locked": {
        "lastModified": 1769318308,
        "narHash": "sha256-Mjx6p96Pkefks3+aA+72lu1xVehb6mv2yTUUqmSet6Q=",
        "owner": "NixOS",
        "repo": "nixpkgs",
        "rev": "1cd347bf3355fce6c64ab37d3967b4a2cb4b878c",
        "type": "github"
      },
      "original": {
        "owner": "NixOS",
        "ref": "nixos-25.11",
        "repo": "nixpkgs",
        "type": "github"
      }
    },
    "nixpkgs_2": {
      "locked": {
        "lastModified": 1769433173,
        "narHash": "sha256-Gf1dFYgD344WZ3q0LPlRoWaNdNQq8kSBDLEWulRQSEs=",
        "owner": "NixOS",
        "repo": "nixpkgs",
        "rev": "13b0f9e6ac78abbbb736c635d87845c4f4bee51b",
        "type": "github"
      },
      "original": {
        "owner": "NixOS",
        "ref": "nixpkgs-unstable",
        "repo": "nixpkgs",
        "type": "github"
      }
    },
    "pre-commit": {
      "inputs": {
        "flake-compat": "flake-compat_2",
        "gitignore": "gitignore",
        "nixpkgs": [
          "lanzaboote",
          "nixpkgs"
        ]
      },
      "locked": {
        "lastModified": 1769069492,
        "narHash": "sha256-Efs3VUPelRduf3PpfPP2ovEB4CXT7vHf8W+xc49RL/U=",
        "owner": "cachix",
        "repo": "pre-commit-hooks.nix",
        "rev": "a1ef738813b15cf8ec759bdff5761b027e3e1d23",
        "type": "github"
      },
      "original": {
        "owner": "cachix",
        "repo": "pre-commit-hooks.nix",
        "type": "github"
      }
    },
    "quickshell": {
      "inputs": {
        "nixpkgs": [
          "dms",
          "nixpkgs"
        ]
      },
      "locked": {
        "lastModified": 1766725085,
        "narHash": "sha256-O2aMFdDUYJazFrlwL7aSIHbUSEm3ADVZjmf41uBJfHs=",
        "ref": "refs/heads/master",
        "rev": "41828c4180fb921df7992a5405f5ff05d2ac2fff",
        "revCount": 715,
        "type": "git",
        "url": "https://git.outfoxxed.me/quickshell/quickshell"
      },
      "original": {
        "rev": "41828c4180fb921df7992a5405f5ff05d2ac2fff",
        "type": "git",
        "url": "https://git.outfoxxed.me/quickshell/quickshell"
      }
    },
    "reliquary-archiver": {
      "inputs": {
        "flake-utils": "flake-utils",
        "nixpkgs": [
          "nixpkgs"
        ]
      },
      "locked": {
        "lastModified": 1769502385,
        "narHash": "sha256-2vvHfAyMdEWCuIncb/FYcQFUAtzL4EdthP1zOa7mFvU=",
        "owner": "mx6436",
        "repo": "reliquary-archiver-flake",
        "rev": "779dda5d48d61df07c374adebad006229249bf36",
        "type": "github"
      },
      "original": {
        "owner": "mx6436",
        "repo": "reliquary-archiver-flake",
        "type": "github"
      }
    },
    "root": {
      "inputs": {
        "aagl": "aagl",
        "dms": "dms",
        "home-manager": "home-manager",
        "lanzaboote": "lanzaboote",
        "natfrp": "natfrp",
        "niri": "niri",
        "nixpkgs": "nixpkgs_2",
        "nixpkgs-stable": "nixpkgs-stable",
        "reliquary-archiver": "reliquary-archiver",
        "umu": "umu"
      }
    },
    "rust-overlay": {
      "inputs": {
        "nixpkgs": "nixpkgs"
      },
      "locked": {
        "lastModified": 1764470739,
        "narHash": "sha256-sa9f81B1dWO16QtgDTWHX8DQbiHKzHndpaunY5EQtwE=",
        "owner": "oxalica",
        "repo": "rust-overlay",
        "rev": "3bfa664055e1a09c6aedab5533c5fc8d6ca5741a",
        "type": "github"
      },
      "original": {
        "owner": "oxalica",
        "repo": "rust-overlay",
        "type": "github"
      }
    },
    "rust-overlay_2": {
      "inputs": {
        "nixpkgs": [
          "lanzaboote",
          "nixpkgs"
        ]
      },
      "locked": {
        "lastModified": 1769309768,
        "narHash": "sha256-AbOIlNO+JoqRJkK1VrnDXhxuX6CrdtIu2hSuy4pxi3g=",
        "owner": "oxalica",
        "repo": "rust-overlay",
        "rev": "140c9dc582cb73ada2d63a2180524fcaa744fad5",
        "type": "github"
      },
      "original": {
        "owner": "oxalica",
        "repo": "rust-overlay",
        "type": "github"
      }
    },
    "systems": {
      "locked": {
        "lastModified": 1681028828,
        "narHash": "sha256-Vy1rq5AaRuLzOxct8nz4T6wlgyUR7zLU309k9mBC768=",
        "owner": "nix-systems",
        "repo": "default",
        "rev": "da67096a3b9bf56a91d16901293e51ba5b49a27e",
        "type": "github"
      },
      "original": {
        "owner": "nix-systems",
        "repo": "default",
        "type": "github"
      }
    },
    "umu": {
      "inputs": {
        "nixpkgs": [
          "nixpkgs"
        ]
      },
      "locked": {
        "dir": "packaging/nix",
        "lastModified": 1765757739,
        "narHash": "sha256-mFur6BsNkJm4tH0O4lkOaCVtZnEeNlw9xDkZUSnzHIU=",
        "owner": "Open-Wine-Components",
        "repo": "umu-launcher",
        "rev": "bb5c870fe076e21fe60cb652b57365022fbfd77a",
        "type": "github"
      },
      "original": {
        "dir": "packaging/nix",
        "owner": "Open-Wine-Components",
        "repo": "umu-launcher",
        "type": "github"
      }
    },
    "xwayland-satellite-stable": {
      "flake": false,
      "locked": {
        "lastModified": 1755491097,
        "narHash": "sha256-m+9tUfsmBeF2Gn4HWa6vSITZ4Gz1eA1F5Kh62B0N4oE=",
        "owner": "Supreeeme",
        "repo": "xwayland-satellite",
        "rev": "388d291e82ffbc73be18169d39470f340707edaa",
        "type": "github"
      },
      "original": {
        "owner": "Supreeeme",
        "ref": "v0.7",
        "repo": "xwayland-satellite",
        "type": "github"
      }
    },
    "xwayland-satellite-unstable": {
      "flake": false,
      "locked": {
        "lastModified": 1769356222,
        "narHash": "sha256-Q0BVubV9ZnmLs506EhBSPglM+YJK56wsQNbeecvWPUo=",
        "owner": "Supreeeme",
        "repo": "xwayland-satellite",
        "rev": "cf14278b92b0a91d01587f09b4b00ea655ae24e6",
        "type": "github"
      },
      "original": {
        "owner": "Supreeeme",
        "repo": "xwayland-satellite",
        "type": "github"
      }
    }
  },
  "root": "root",
  "version": 7
}
